lockfileVersion: '9.0'

settings:
  autoInstallPeers: true
  excludeLinksFromLockfile: false

importers:
  .: {}
  apps/web:
    dependencies:
      next:
        specifier: 15.4.6
        version: 15.4.6(react-dom@19.1.1(react@19.1.1))(react@19.1.1)
      react:
        specifier: 19.1.1
        version: 19.1.1
      react-dom:
        specifier: 19.1.1
        version: 19.1.1(react@19.1.1)
    devDependencies:
      '@eslint/eslintrc':
        specifier: ^3.3.1
        version: 3.3.1
      '@types/node':
        specifier: ^22.17.1
        version: 22.17.1
      '@types/react':
        specifier: ^19.1.10
        version: 19.1.10
      '@types/react-dom':
        specifier: ^19.1.7
        version: 19.1.7(@types/react@19.1.10)
      eslint:
        specifier: ^9.33.0
        version: 9.33.0
      eslint-config-next:
        specifier: 15.4.6
        version: 15.4.6(eslint@9.33.0)(typescript@5.9.2)
      typescript:
        specifier: ^5.9.2
        version: 5.9.2
